
Microsoft Visual Studio Solution File, Format Version 12.00
# Visual Studio Version 17
VisualStudioVersion = 17.9.34723.18
MinimumVisualStudioVersion = 10.0.40219.1
Project("{9A19103F-16F7-4668-BE54-9A1E7A4F7556}") = "Console", "CourseWork_console\Console.csproj", "{21081BAD-C96F-47F2-BF45-F96509BAA3B5}"
EndProject
Project("{9A19103F-16F7-4668-BE54-9A1E7A4F7556}") = "GeneticAlgo", "GeneticAlgo\GeneticAlgo.csproj", "{74099942-E1FC-40F8-B9FC-EE0AAAD42EB0}"
EndProject
Global
	GlobalSection(SolutionConfigurationPlatforms) = preSolution
		Debug|Any CPU = Debug|Any CPU
		Release|Any CPU = Release|Any CPU
	EndGlobalSection
	GlobalSection(ProjectConfigurationPlatforms) = postSolution
		{21081BAD-C96F-47F2-BF45-F96509BAA3B5}.Debug|Any CPU.ActiveCfg = Debug|Any CPU
		{21081BAD-C96F-47F2-BF45-F96509BAA3B5}.Debug|Any CPU.Build.0 = Debug|Any CPU
		{21081BAD-C96F-47F2-BF45-F96509BAA3B5}.Release|Any CPU.ActiveCfg = Release|Any CPU
		{21081BAD-C96F-47F2-BF45-F96509BAA3B5}.Release|Any CPU.Build.0 = Release|Any CPU
		{74099942-E1FC-40F8-B9FC-EE0AAAD42EB0}.Debug|Any CPU.ActiveCfg = Debug|Any CPU
		{74099942-E1FC-40F8-B9FC-EE0AAAD42EB0}.Debug|Any CPU.Build.0 = Debug|Any CPU
		{74099942-E1FC-40F8-B9FC-EE0AAAD42EB0}.Release|Any CPU.ActiveCfg = Release|Any CPU
		{74099942-E1FC-40F8-B9FC-EE0AAAD42EB0}.Release|Any CPU.Build.0 = Release|Any CPU
	EndGlobalSection
	GlobalSection(SolutionProperties) = preSolution
		HideSolutionNode = FALSE
	EndGlobalSection
	GlobalSection(ExtensibilityGlobals) = postSolution
		SolutionGuid = {62E0E4B9-36FB-4C3C-8009-7D1A0BB502E0}
	EndGlobalSection
EndGlobal
